
Microsoft Visual Studio Solution File, Format Version 12.00
# Visual Studio 15
VisualStudioVersion = 15.0.28010.2016
MinimumVisualStudioVersion = 10.0.40219.1
Project("{FAE04EC0-301F-11D3-BF4B-00C04F79EFBC}") = "DotNetCoreSettings", "DotNetCoreSettings\DotNetCoreSettings.csproj", "{AE429D93-C837-4D6D-BFFF-DB9EF2D3E61A}"
EndProject
Global
	GlobalSection(SolutionConfigurationPlatforms) = preSolution
		Debug|Any CPU = Debug|Any CPU
		Release|Any CPU = Release|Any CPU
	EndGlobalSection
	GlobalSection(ProjectConfigurationPlatforms) = postSolution
		{AE429D93-C837-4D6D-BFFF-DB9EF2D3E61A}.Debug|Any CPU.ActiveCfg = Debug|Any CPU
		{AE429D93-C837-4D6D-BFFF-DB9EF2D3E61A}.Debug|Any CPU.Build.0 = Debug|Any CPU
		{AE429D93-C837-4D6D-BFFF-DB9EF2D3E61A}.Release|Any CPU.ActiveCfg = Release|Any CPU
		{AE429D93-C837-4D6D-BFFF-DB9EF2D3E61A}.Release|Any CPU.Build.0 = Release|Any CPU
	EndGlobalSection
	GlobalSection(SolutionProperties) = preSolution
		HideSolutionNode = FALSE
	EndGlobalSection
	GlobalSection(ExtensibilityGlobals) = postSolution
		SolutionGuid = {A564C4D1-555E-466A-8EE4-7D0613772275}
	EndGlobalSection
EndGlobal
